
Microsoft Visual Studio Solution File, Format Version 12.00
# Visual Studio 15
VisualStudioVersion = 15.0.28307.329
MinimumVisualStudioVersion = 10.0.40219.1
Project("{FAE04EC0-301F-11D3-BF4B-00C04F79EFBC}") = "asp-video-info-helper", "asp-video-info-helper\asp-video-info-helper.csproj", "{F4EE3458-4160-47BA-AB57-2C9E4A883A39}"
EndProject
Global
	GlobalSection(SolutionConfigurationPlatforms) = preSolution
		Debug|Any CPU = Debug|Any CPU
		Release|Any CPU = Release|Any CPU
	EndGlobalSection
	GlobalSection(ProjectConfigurationPlatforms) = postSolution
		{F4EE3458-4160-47BA-AB57-2C9E4A883A39}.Debug|Any CPU.ActiveCfg = Debug|Any CPU
		{F4EE3458-4160-47BA-AB57-2C9E4A883A39}.Debug|Any CPU.Build.0 = Debug|Any CPU
		{F4EE3458-4160-47BA-AB57-2C9E4A883A39}.Release|Any CPU.ActiveCfg = Release|Any CPU
		{F4EE3458-4160-47BA-AB57-2C9E4A883A39}.Release|Any CPU.Build.0 = Release|Any CPU
	EndGlobalSection
	GlobalSection(SolutionProperties) = preSolution
		HideSolutionNode = FALSE
	EndGlobalSection
	GlobalSection(ExtensibilityGlobals) = postSolution
		SolutionGuid = {7B74C664-7CBC-4390-9669-B36E0869802F}
	EndGlobalSection
EndGlobal
